{
  "name": "anagram-grouper",
  "version": "1.0.0",
  "lockfileVersion": 3,
  "requires": true,
  "packages": {
    "": {
      "name": "anagram-grouper",
      "version": "1.0.0",
      "license": "MIT",
      "dependencies": {
        "find-anagrams": "^1.1.0"
      },
      "bin": {
        "anagram-grouper": "bin/cli.js"
      }
    },
    "node_modules/find-anagrams": {
      "version": "1.1.0",
      "resolved": "https://registry.npmjs.org/find-anagrams/-/find-anagrams-1.1.0.tgz",
      "integrity": "sha512-s/CTbMD1yet4kzP3UYysohjtsFzrCL8bD+SzoSACV0vxfQaPRWr0ukxckZQmP9iIYw04O854F2MOkQ9pd2cwjw==",
      "license": "MIT",
      "dependencies": {
        "is-anagram": "^1.0.3"
      }
    },
    "node_modules/is-anagram": {
      "version": "1.0.3",
      "resolved": "https://registry.npmjs.org/is-anagram/-/is-anagram-1.0.3.tgz",
      "integrity": "sha512-Iz1dSGj0R15clerNk5KLlVLP4UScrhcGs0Yyaxfk93oS9pKdvnAbuZj/D6Gz+Arz1gVNHPO/19jSldEzFzvzDw==",
      "license": "MIT"
    }
  }
}
